
Microsoft Visual Studio Solution File, Format Version 12.00
# Visual Studio Version 17
VisualStudioVersion = 17.14.36414.22
MinimumVisualStudioVersion = 10.0.40219.1
Project("{FAE04EC0-301F-11D3-BF4B-00C04F79EFBC}") = "PM.GUI", "PM_QuanLyCuaHangTruyenTranh\PM.GUI.csproj", "{686AFAE3-C305-4666-8C78-CC987EA01832}"
EndProject
Project("{FAE04EC0-301F-11D3-BF4B-00C04F79EFBC}") = "PM.BUS", "BUS\PM.BUS.csproj", "{70CC5ABD-1785-4C8C-9A59-FDBB2515EFDD}"
EndProject
Project("{FAE04EC0-301F-11D3-BF4B-00C04F79EFBC}") = "PM.DAL", "DAL\PM.DAL.csproj", "{8995C0F9-CC1A-4901-A4CB-AE8F541268A3}"
EndProject
Global
	GlobalSection(SolutionConfigurationPlatforms) = preSolution
		Debug|Any CPU = Debug|Any CPU
		Release|Any CPU = Release|Any CPU
	EndGlobalSection
	GlobalSection(ProjectConfigurationPlatforms) = postSolution
		{686AFAE3-C305-4666-8C78-CC987EA01832}.Debug|Any CPU.ActiveCfg = Debug|Any CPU
		{686AFAE3-C305-4666-8C78-CC987EA01832}.Debug|Any CPU.Build.0 = Debug|Any CPU
		{686AFAE3-C305-4666-8C78-CC987EA01832}.Release|Any CPU.ActiveCfg = Release|Any CPU
		{686AFAE3-C305-4666-8C78-CC987EA01832}.Release|Any CPU.Build.0 = Release|Any CPU
		{70CC5ABD-1785-4C8C-9A59-FDBB2515EFDD}.Debug|Any CPU.ActiveCfg = Debug|Any CPU
		{70CC5ABD-1785-4C8C-9A59-FDBB2515EFDD}.Debug|Any CPU.Build.0 = Debug|Any CPU
		{70CC5ABD-1785-4C8C-9A59-FDBB2515EFDD}.Release|Any CPU.ActiveCfg = Release|Any CPU
		{70CC5ABD-1785-4C8C-9A59-FDBB2515EFDD}.Release|Any CPU.Build.0 = Release|Any CPU
		{8995C0F9-CC1A-4901-A4CB-AE8F541268A3}.Debug|Any CPU.ActiveCfg = Debug|Any CPU
		{8995C0F9-CC1A-4901-A4CB-AE8F541268A3}.Debug|Any CPU.Build.0 = Debug|Any CPU
		{8995C0F9-CC1A-4901-A4CB-AE8F541268A3}.Release|Any CPU.ActiveCfg = Release|Any CPU
		{8995C0F9-CC1A-4901-A4CB-AE8F541268A3}.Release|Any CPU.Build.0 = Release|Any CPU
	EndGlobalSection
	GlobalSection(SolutionProperties) = preSolution
		HideSolutionNode = FALSE
	EndGlobalSection
	GlobalSection(ExtensibilityGlobals) = postSolution
		SolutionGuid = {E20BF6C9-356A-4AFD-8133-BE448B36619B}
	EndGlobalSection
EndGlobal
